version = 1
requires-python = ">=3.13"

[[package]]
name = "cachecontrol"
version = "0.14.2"
source = { registry = "https://pypi.org/simple" }
dependencies = [
    { name = "msgpack" },
    { name = "requests" },
]
sdist = { url = "https://files.pythonhosted.org/packages/b7/a4/3390ac4dfa1773f661c8780368018230e8207ec4fd3800d2c0c3adee4456/cachecontrol-0.14.2.tar.gz", hash = "sha256:7d47d19f866409b98ff6025b6a0fca8e4c791fb31abbd95f622093894ce903a2", size = 28832 }
wheels = [
    { url = "https://files.pythonhosted.org/packages/c8/63/baffb44ca6876e7b5fc8fe17b24a7c07bf479d604a592182db9af26ea366/cachecontrol-0.14.2-py3-none-any.whl", hash = "sha256:ebad2091bf12d0d200dfc2464330db638c5deb41d546f6d7aca079e87290f3b0", size = 21780 },
]

[[package]]
name = "cachetools"
version = "5.5.2"
source = { registry = "https://pypi.org/simple" }
sdist = { url = "https://files.pythonhosted.org/packages/6c/81/3747dad6b14fa2cf53fcf10548cf5aea6913e96fab41a3c198676f8948a5/cachetools-5.5.2.tar.gz", hash = "sha256:1a661caa9175d26759571b2e19580f9d6393969e5dfca11fdb1f947a23e640d4", size = 28380 }
wheels = [
    { url = "https://files.pythonhosted.org/packages/72/76/20fa66124dbe6be5cafeb312ece67de6b61dd91a0247d1ea13db4ebb33c2/cachetools-5.5.2-py3-none-any.whl", hash = "sha256:d26a22bcc62eb95c3beabd9f1ee5e820d3d2704fe2967cbe350e20c8ffcd3f0a", size = 10080 },
]

[[package]]
name = "certifi"
version = "2025.1.31"
source = { registry = "https://pypi.org/simple" }
sdist = { url = "https://files.pythonhosted.org/packages/1c/ab/c9f1e32b7b1bf505bf26f0ef697775960db7932abeb7b516de930ba2705f/certifi-2025.1.31.tar.gz", hash = "sha256:3d5da6925056f6f18f119200434a4780a94263f10d1c21d032a6f6b2baa20651", size = 167577 }
wheels = [
    { url = "https://files.pythonhosted.org/packages/38/fc/bce832fd4fd99766c04d1ee0eead6b0ec6486fb100ae5e74c1d91292b982/certifi-2025.1.31-py3-none-any.whl", hash = "sha256:ca78db4565a652026a4db2bcdf68f2fb589ea80d0be70e03929ed730746b84fe", size = 166393 },
]

[[package]]
name = "cffi"
version = "1.17.1"
source = { registry = "https://pypi.org/simple" }
dependencies = [
    { name = "pycparser" },
]
sdist = { url = "https://files.pythonhosted.org/packages/fc/97/c783634659c2920c3fc70419e3af40972dbaf758daa229a7d6ea6135c90d/cffi-1.17.1.tar.gz", hash = "sha256:1c39c6016c32bc48dd54561950ebd6836e1670f2ae46128f67cf49e789c52824", size = 516621 }
wheels = [
    { url = "https://files.pythonhosted.org/packages/8d/f8/dd6c246b148639254dad4d6803eb6a54e8c85c6e11ec9df2cffa87571dbe/cffi-1.17.1-cp313-cp313-macosx_10_13_x86_64.whl", hash = "sha256:f3a2b4222ce6b60e2e8b337bb9596923045681d71e5a082783484d845390938e", size = 182989 },
    { url = "https://files.pythonhosted.org/packages/8b/f1/672d303ddf17c24fc83afd712316fda78dc6fce1cd53011b839483e1ecc8/cffi-1.17.1-cp313-cp313-macosx_11_0_arm64.whl", hash = "sha256:0984a4925a435b1da406122d4d7968dd861c1385afe3b45ba82b750f229811e2", size = 178802 },
    { url = "https://files.pythonhosted.org/packages/0e/2d/eab2e858a91fdff70533cab61dcff4a1f55ec60425832ddfdc9cd36bc8af/cffi-1.17.1-cp313-cp313-manylinux_2_12_i686.manylinux2010_i686.manylinux_2_17_i686.manylinux2014_i686.whl", hash = "sha256:d01b12eeeb4427d3110de311e1774046ad344f5b1a7403101878976ecd7a10f3", size = 454792 },
    { url = "https://files.pythonhosted.org/packages/75/b2/fbaec7c4455c604e29388d55599b99ebcc250a60050610fadde58932b7ee/cffi-1.17.1-cp313-cp313-manylinux_2_17_aarch64.manylinux2014_aarch64.whl", hash = "sha256:706510fe141c86a69c8ddc029c7910003a17353970cff3b904ff0686a5927683", size = 478893 },
    { url = "https://files.pythonhosted.org/packages/4f/b7/6e4a2162178bf1935c336d4da8a9352cccab4d3a5d7914065490f08c0690/cffi-1.17.1-cp313-cp313-manylinux_2_17_ppc64le.manylinux2014_ppc64le.whl", hash = "sha256:de55b766c7aa2e2a3092c51e0483d700341182f08e67c63630d5b6f200bb28e5", size = 485810 },
    { url = "https://files.pythonhosted.org/packages/c7/8a/1d0e4a9c26e54746dc08c2c6c037889124d4f59dffd853a659fa545f1b40/cffi-1.17.1-cp313-cp313-manylinux_2_17_s390x.manylinux2014_s390x.whl", hash = "sha256:c59d6e989d07460165cc5ad3c61f9fd8f1b4796eacbd81cee78957842b834af4", size = 471200 },
    { url = "https://files.pythonhosted.org/packages/26/9f/1aab65a6c0db35f43c4d1b4f580e8df53914310afc10ae0397d29d697af4/cffi-1.17.1-cp313-cp313-manylinux_2_17_x86_64.manylinux2014_x86_64.whl", hash = "sha256:dd398dbc6773384a17fe0d3e7eeb8d1a21c2200473ee6806bb5e6a8e62bb73dd", size = 479447 },
    { url = "https://files.pythonhosted.org/packages/5f/e4/fb8b3dd8dc0e98edf1135ff067ae070bb32ef9d509d6cb0f538cd6f7483f/cffi-1.17.1-cp313-cp313-musllinux_1_1_aarch64.whl", hash = "sha256:3edc8d958eb099c634dace3c7e16560ae474aa3803a5df240542b305d14e14ed", size = 484358 },
    { url = "https://files.pythonhosted.org/packages/f1/47/d7145bf2dc04684935d57d67dff9d6d795b2ba2796806bb109864be3a151/cffi-1.17.1-cp313-cp313-musllinux_1_1_x86_64.whl", hash = "sha256:72e72408cad3d5419375fc87d289076ee319835bdfa2caad331e377589aebba9", size = 488469 },
    { url = "https://files.pythonhosted.org/packages/bf/ee/f94057fa6426481d663b88637a9a10e859e492c73d0384514a17d78ee205/cffi-1.17.1-cp313-cp313-win32.whl", hash = "sha256:e03eab0a8677fa80d646b5ddece1cbeaf556c313dcfac435ba11f107ba117b5d", size = 172475 },
    { url = "https://files.pythonhosted.org/packages/7c/fc/6a8cb64e5f0324877d503c854da15d76c1e50eb722e320b15345c4d0c6de/cffi-1.17.1-cp313-cp313-win_amd64.whl", hash = "sha256:f6a16c31041f09ead72d69f583767292f750d24913dadacf5756b966aacb3f1a", size = 182009 },
]

[[package]]
name = "charset-normalizer"
version = "3.4.1"
source = { registry = "https://pypi.org/simple" }
sdist = { url = "https://files.pythonhosted.org/packages/16/b0/572805e227f01586461c80e0fd25d65a2115599cc9dad142fee4b747c357/charset_normalizer-3.4.1.tar.gz", hash = "sha256:44251f18cd68a75b56585dd00dae26183e102cd5e0f9f1466e6df5da2ed64ea3", size = 123188 }
wheels = [
    { url = "https://files.pythonhosted.org/packages/38/94/ce8e6f63d18049672c76d07d119304e1e2d7c6098f0841b51c666e9f44a0/charset_normalizer-3.4.1-cp313-cp313-macosx_10_13_universal2.whl", hash = "sha256:aabfa34badd18f1da5ec1bc2715cadc8dca465868a4e73a0173466b688f29dda", size = 195698 },
    { url = "https://files.pythonhosted.org/packages/24/2e/dfdd9770664aae179a96561cc6952ff08f9a8cd09a908f259a9dfa063568/charset_normalizer-3.4.1-cp313-cp313-manylinux_2_17_aarch64.manylinux2014_aarch64.whl", hash = "sha256:22e14b5d70560b8dd51ec22863f370d1e595ac3d024cb8ad7d308b4cd95f8313", size = 140162 },
    { url = "https://files.pythonhosted.org/packages/24/4e/f646b9093cff8fc86f2d60af2de4dc17c759de9d554f130b140ea4738ca6/charset_normalizer-3.4.1-cp313-cp313-manylinux_2_17_ppc64le.manylinux2014_ppc64le.whl", hash = "sha256:8436c508b408b82d87dc5f62496973a1805cd46727c34440b0d29d8a2f50a6c9", size = 150263 },
    { url = "https://files.pythonhosted.org/packages/5e/67/2937f8d548c3ef6e2f9aab0f6e21001056f692d43282b165e7c56023e6dd/charset_normalizer-3.4.1-cp313-cp313-manylinux_2_17_s390x.manylinux2014_s390x.whl", hash = "sha256:2d074908e1aecee37a7635990b2c6d504cd4766c7bc9fc86d63f9c09af3fa11b", size = 142966 },
    { url = "https://files.pythonhosted.org/packages/52/ed/b7f4f07de100bdb95c1756d3a4d17b90c1a3c53715c1a476f8738058e0fa/charset_normalizer-3.4.1-cp313-cp313-manylinux_2_17_x86_64.manylinux2014_x86_64.whl", hash = "sha256:955f8851919303c92343d2f66165294848d57e9bba6cf6e3625485a70a038d11", size = 144992 },
    { url = "https://files.pythonhosted.org/packages/96/2c/d49710a6dbcd3776265f4c923bb73ebe83933dfbaa841c5da850fe0fd20b/charset_normalizer-3.4.1-cp313-cp313-manylinux_2_5_i686.manylinux1_i686.manylinux_2_17_i686.manylinux2014_i686.whl", hash = "sha256:44ecbf16649486d4aebafeaa7ec4c9fed8b88101f4dd612dcaf65d5e815f837f", size = 147162 },
    { url = "https://files.pythonhosted.org/packages/b4/41/35ff1f9a6bd380303dea55e44c4933b4cc3c4850988927d4082ada230273/charset_normalizer-3.4.1-cp313-cp313-musllinux_1_2_aarch64.whl", hash = "sha256:0924e81d3d5e70f8126529951dac65c1010cdf117bb75eb02dd12339b57749dd", size = 140972 },
    { url = "https://files.pythonhosted.org/packages/fb/43/c6a0b685fe6910d08ba971f62cd9c3e862a85770395ba5d9cad4fede33ab/charset_normalizer-3.4.1-cp313-cp313-musllinux_1_2_i686.whl", hash = "sha256:2967f74ad52c3b98de4c3b32e1a44e32975e008a9cd2a8cc8966d6a5218c5cb2", size = 149095 },
    { url = "https://files.pythonhosted.org/packages/4c/ff/a9a504662452e2d2878512115638966e75633519ec11f25fca3d2049a94a/charset_normalizer-3.4.1-cp313-cp313-musllinux_1_2_ppc64le.whl", hash = "sha256:c75cb2a3e389853835e84a2d8fb2b81a10645b503eca9bcb98df6b5a43eb8886", size = 152668 },
    { url = "https://files.pythonhosted.org/packages/6c/71/189996b6d9a4b932564701628af5cee6716733e9165af1d5e1b285c530ed/charset_normalizer-3.4.1-cp313-cp313-musllinux_1_2_s390x.whl", hash = "sha256:09b26ae6b1abf0d27570633b2b078a2a20419c99d66fb2823173d73f188ce601", size = 150073 },
    { url = "https://files.pythonhosted.org/packages/e4/93/946a86ce20790e11312c87c75ba68d5f6ad2208cfb52b2d6a2c32840d922/charset_normalizer-3.4.1-cp313-cp313-musllinux_1_2_x86_64.whl", hash = "sha256:fa88b843d6e211393a37219e6a1c1df99d35e8fd90446f1118f4216e307e48cd", size = 145732 },
    { url = "https://files.pythonhosted.org/packages/cd/e5/131d2fb1b0dddafc37be4f3a2fa79aa4c037368be9423061dccadfd90091/charset_normalizer-3.4.1-cp313-cp313-win32.whl", hash = "sha256:eb8178fe3dba6450a3e024e95ac49ed3400e506fd4e9e5c32d30adda88cbd407", size = 95391 },
    { url = "https://files.pythonhosted.org/packages/27/f2/4f9a69cc7712b9b5ad8fdb87039fd89abba997ad5cbe690d1835d40405b0/charset_normalizer-3.4.1-cp313-cp313-win_amd64.whl", hash = "sha256:b1ac5992a838106edb89654e0aebfc24f5848ae2547d22c2c3f66454daa11971", size = 102702 },
    { url = "https://files.pythonhosted.org/packages/0e/f6/65ecc6878a89bb1c23a086ea335ad4bf21a588990c3f535a227b9eea9108/charset_normalizer-3.4.1-py3-none-any.whl", hash = "sha256:d98b1668f06378c6dbefec3b92299716b931cd4e6061f3c875a71ced1780ab85", size = 49767 },
]

[[package]]
name = "cryptography"
version = "44.0.1"
source = { registry = "https://pypi.org/simple" }
dependencies = [
    { name = "cffi", marker = "platform_python_implementation != 'PyPy'" },
]
sdist = { url = "https://files.pythonhosted.org/packages/c7/67/545c79fe50f7af51dbad56d16b23fe33f63ee6a5d956b3cb68ea110cbe64/cryptography-44.0.1.tar.gz", hash = "sha256:f51f5705ab27898afda1aaa430f34ad90dc117421057782022edf0600bec5f14", size = 710819 }
wheels = [
    { url = "https://files.pythonhosted.org/packages/72/27/5e3524053b4c8889da65cf7814a9d0d8514a05194a25e1e34f46852ee6eb/cryptography-44.0.1-cp37-abi3-macosx_10_9_universal2.whl", hash = "sha256:bf688f615c29bfe9dfc44312ca470989279f0e94bb9f631f85e3459af8efc009", size = 6642022 },
    { url = "https://files.pythonhosted.org/packages/34/b9/4d1fa8d73ae6ec350012f89c3abfbff19fc95fe5420cf972e12a8d182986/cryptography-44.0.1-cp37-abi3-manylinux_2_17_aarch64.manylinux2014_aarch64.whl", hash = "sha256:dd7c7e2d71d908dc0f8d2027e1604102140d84b155e658c20e8ad1304317691f", size = 3943865 },
    { url = "https://files.pythonhosted.org/packages/6e/57/371a9f3f3a4500807b5fcd29fec77f418ba27ffc629d88597d0d1049696e/cryptography-44.0.1-cp37-abi3-manylinux_2_17_x86_64.manylinux2014_x86_64.whl", hash = "sha256:887143b9ff6bad2b7570da75a7fe8bbf5f65276365ac259a5d2d5147a73775f2", size = 4162562 },
    { url = "https://files.pythonhosted.org/packages/c5/1d/5b77815e7d9cf1e3166988647f336f87d5634a5ccecec2ffbe08ef8dd481/cryptography-44.0.1-cp37-abi3-manylinux_2_28_aarch64.whl", hash = "sha256:322eb03ecc62784536bc173f1483e76747aafeb69c8728df48537eb431cd1911", size = 3951923 },
    { url = "https://files.pythonhosted.org/packages/28/01/604508cd34a4024467cd4105887cf27da128cba3edd435b54e2395064bfb/cryptography-44.0.1-cp37-abi3-manylinux_2_28_armv7l.manylinux_2_31_armv7l.whl", hash = "sha256:21377472ca4ada2906bc313168c9dc7b1d7ca417b63c1c3011d0c74b7de9ae69", size = 3685194 },
    { url = "https://files.pythonhosted.org/packages/c6/3d/d3c55d4f1d24580a236a6753902ef6d8aafd04da942a1ee9efb9dc8fd0cb/cryptography-44.0.1-cp37-abi3-manylinux_2_28_x86_64.whl", hash = "sha256:df978682c1504fc93b3209de21aeabf2375cb1571d4e61907b3e7a2540e83026", size = 4187790 },
    { url = "https://files.pythonhosted.org/packages/ea/a6/44d63950c8588bfa8594fd234d3d46e93c3841b8e84a066649c566afb972/cryptography-44.0.1-cp37-abi3-manylinux_2_34_aarch64.whl", hash = "sha256:eb3889330f2a4a148abead555399ec9a32b13b7c8ba969b72d8e500eb7ef84cd", size = 3951343 },
    { url = "https://files.pythonhosted.org/packages/c1/17/f5282661b57301204cbf188254c1a0267dbd8b18f76337f0a7ce1038888c/cryptography-44.0.1-cp37-abi3-manylinux_2_34_x86_64.whl", hash = "sha256:8e6a85a93d0642bd774460a86513c5d9d80b5c002ca9693e63f6e540f1815ed0", size = 4187127 },
    { url = "https://files.pythonhosted.org/packages/f3/68/abbae29ed4f9d96596687f3ceea8e233f65c9645fbbec68adb7c756bb85a/cryptography-44.0.1-cp37-abi3-musllinux_1_2_aarch64.whl", hash = "sha256:6f76fdd6fd048576a04c5210d53aa04ca34d2ed63336d4abd306d0cbe298fddf", size = 4070666 },
    { url = "https://files.pythonhosted.org/packages/0f/10/cf91691064a9e0a88ae27e31779200b1505d3aee877dbe1e4e0d73b4f155/cryptography-44.0.1-cp37-abi3-musllinux_1_2_x86_64.whl", hash = "sha256:6c8acf6f3d1f47acb2248ec3ea261171a671f3d9428e34ad0357148d492c7864", size = 4288811 },
    { url = "https://files.pythonhosted.org/packages/38/78/74ea9eb547d13c34e984e07ec8a473eb55b19c1451fe7fc8077c6a4b0548/cryptography-44.0.1-cp37-abi3-win32.whl", hash = "sha256:24979e9f2040c953a94bf3c6782e67795a4c260734e5264dceea65c8f4bae64a", size = 2771882 },
    { url = "https://files.pythonhosted.org/packages/cf/6c/3907271ee485679e15c9f5e93eac6aa318f859b0aed8d369afd636fafa87/cryptography-44.0.1-cp37-abi3-win_amd64.whl", hash = "sha256:fd0ee90072861e276b0ff08bd627abec29e32a53b2be44e41dbcdf87cbee2b00", size = 3206989 },
    { url = "https://files.pythonhosted.org/packages/9f/f1/676e69c56a9be9fd1bffa9bc3492366901f6e1f8f4079428b05f1414e65c/cryptography-44.0.1-cp39-abi3-macosx_10_9_universal2.whl", hash = "sha256:a2d8a7045e1ab9b9f803f0d9531ead85f90c5f2859e653b61497228b18452008", size = 6643714 },
    { url = "https://files.pythonhosted.org/packages/ba/9f/1775600eb69e72d8f9931a104120f2667107a0ee478f6ad4fe4001559345/cryptography-44.0.1-cp39-abi3-manylinux_2_17_aarch64.manylinux2014_aarch64.whl", hash = "sha256:b8272f257cf1cbd3f2e120f14c68bff2b6bdfcc157fafdee84a1b795efd72862", size = 3943269 },
    { url = "https://files.pythonhosted.org/packages/25/ba/e00d5ad6b58183829615be7f11f55a7b6baa5a06910faabdc9961527ba44/cryptography-44.0.1-cp39-abi3-manylinux_2_17_x86_64.manylinux2014_x86_64.whl", hash = "sha256:1e8d181e90a777b63f3f0caa836844a1182f1f265687fac2115fcf245f5fbec3", size = 4166461 },
    { url = "https://files.pythonhosted.org/packages/b3/45/690a02c748d719a95ab08b6e4decb9d81e0ec1bac510358f61624c86e8a3/cryptography-44.0.1-cp39-abi3-manylinux_2_28_aarch64.whl", hash = "sha256:436df4f203482f41aad60ed1813811ac4ab102765ecae7a2bbb1dbb66dcff5a7", size = 3950314 },
    { url = "https://files.pythonhosted.org/packages/e6/50/bf8d090911347f9b75adc20f6f6569ed6ca9b9bff552e6e390f53c2a1233/cryptography-44.0.1-cp39-abi3-manylinux_2_28_armv7l.manylinux_2_31_armv7l.whl", hash = "sha256:4f422e8c6a28cf8b7f883eb790695d6d45b0c385a2583073f3cec434cc705e1a", size = 3686675 },
    { url = "https://files.pythonhosted.org/packages/e1/e7/cfb18011821cc5f9b21efb3f94f3241e3a658d267a3bf3a0f45543858ed8/cryptography-44.0.1-cp39-abi3-manylinux_2_28_x86_64.whl", hash = "sha256:72198e2b5925155497a5a3e8c216c7fb3e64c16ccee11f0e7da272fa93b35c4c", size = 4190429 },
    { url = "https://files.pythonhosted.org/packages/07/ef/77c74d94a8bfc1a8a47b3cafe54af3db537f081742ee7a8a9bd982b62774/cryptography-44.0.1-cp39-abi3-manylinux_2_34_aarch64.whl", hash = "sha256:2a46a89ad3e6176223b632056f321bc7de36b9f9b93b2cc1cccf935a3849dc62", size = 3950039 },
    { url = "https://files.pythonhosted.org/packages/6d/b9/8be0ff57c4592382b77406269b1e15650c9f1a167f9e34941b8515b97159/cryptography-44.0.1-cp39-abi3-manylinux_2_34_x86_64.whl", hash = "sha256:53f23339864b617a3dfc2b0ac8d5c432625c80014c25caac9082314e9de56f41", size = 4189713 },
    { url = "https://files.pythonhosted.org/packages/78/e1/4b6ac5f4100545513b0847a4d276fe3c7ce0eacfa73e3b5ebd31776816ee/cryptography-44.0.1-cp39-abi3-musllinux_1_2_aarch64.whl", hash = "sha256:888fcc3fce0c888785a4876ca55f9f43787f4c5c1cc1e2e0da71ad481ff82c5b", size = 4071193 },
    { url = "https://files.pythonhosted.org/packages/3d/cb/afff48ceaed15531eab70445abe500f07f8f96af2bb35d98af6bfa89ebd4/cryptography-44.0.1-cp39-abi3-musllinux_1_2_x86_64.whl", hash = "sha256:00918d859aa4e57db8299607086f793fa7813ae2ff5a4637e318a25ef82730f7", size = 4289566 },
    { url = "https://files.pythonhosted.org/packages/30/6f/4eca9e2e0f13ae459acd1ca7d9f0257ab86e68f44304847610afcb813dc9/cryptography-44.0.1-cp39-abi3-win32.whl", hash = "sha256:9b336599e2cb77b1008cb2ac264b290803ec5e8e89d618a5e978ff5eb6f715d9", size = 2772371 },
    { url = "https://files.pythonhosted.org/packages/d2/05/5533d30f53f10239616a357f080892026db2d550a40c393d0a8a7af834a9/cryptography-44.0.1-cp39-abi3-win_amd64.whl", hash = "sha256:e403f7f766ded778ecdb790da786b418a9f2394f36e8cc8b796cc056ab05f44f", size = 3207303 },
]

[[package]]
name = "firebase-admin"
version = "6.6.0"
source = { registry = "https://pypi.org/simple" }
dependencies = [
    { name = "cachecontrol" },
    { name = "google-api-core", extra = ["grpc"], marker = "platform_python_implementation != 'PyPy'" },
    { name = "google-api-python-client" },
    { name = "google-cloud-firestore", marker = "platform_python_implementation != 'PyPy'" },
    { name = "google-cloud-storage" },
    { name = "pyjwt", extra = ["crypto"] },
]
sdist = { url = "https://files.pythonhosted.org/packages/66/33/b0cea27aedc6529881443024b3311467e9a622b6d2fdc4f9faf26319a71c/firebase_admin-6.6.0.tar.gz", hash = "sha256:9ce851ae71038acaaeffdcfc09b175dadc3b2e5aa8a0b65760e21bb10253b684", size = 105520 }
wheels = [
    { url = "https://files.pythonhosted.org/packages/de/89/b8eb22e02137f890a444e3b8bcf7cb32b7bfe02b7a6fcc7d2a1d17b42ddc/firebase_admin-6.6.0-py3-none-any.whl", hash = "sha256:4a55af17e0b4e3de05ba43ad25d92af29b48263622a913faea66e9c8ba50aeef", size = 127195 },
]

[[package]]
name = "google-api-core"
version = "2.24.1"
source = { registry = "https://pypi.org/simple" }
dependencies = [
    { name = "google-auth" },
    { name = "googleapis-common-protos" },
    { name = "proto-plus" },
    { name = "protobuf" },
    { name = "requests" },
]
sdist = { url = "https://files.pythonhosted.org/packages/b8/b7/481c83223d7b4f02c7651713fceca648fa3336e1571b9804713f66bca2d8/google_api_core-2.24.1.tar.gz", hash = "sha256:f8b36f5456ab0dd99a1b693a40a31d1e7757beea380ad1b38faaf8941eae9d8a", size = 163508 }
wheels = [
    { url = "https://files.pythonhosted.org/packages/b1/a6/8e30ddfd3d39ee6d2c76d3d4f64a83f77ac86a4cab67b286ae35ce9e4369/google_api_core-2.24.1-py3-none-any.whl", hash = "sha256:bc78d608f5a5bf853b80bd70a795f703294de656c096c0968320830a4bc280f1", size = 160059 },
]

[package.optional-dependencies]
grpc = [
    { name = "grpcio" },
    { name = "grpcio-status" },
]

[[package]]
name = "google-api-python-client"
version = "2.161.0"
source = { registry = "https://pypi.org/simple" }
dependencies = [
    { name = "google-api-core" },
    { name = "google-auth" },
    { name = "google-auth-httplib2" },
    { name = "httplib2" },
    { name = "uritemplate" },
]
sdist = { url = "https://files.pythonhosted.org/packages/0a/50/c8d2d3c4e65e081c4c07b15e4fe35671676c5ecdb3674a167229e83ce49a/google_api_python_client-2.161.0.tar.gz", hash = "sha256:324c0cce73e9ea0a0d2afd5937e01b7c2d6a4d7e2579cdb6c384f9699d6c9f37", size = 12358839 }
wheels = [
    { url = "https://files.pythonhosted.org/packages/9c/e8/ca1efe224166a4c77ac92b4314b90f2fb70fdde1f763c1613ba3b9f50752/google_api_python_client-2.161.0-py2.py3-none-any.whl", hash = "sha256:9476a5a4f200bae368140453df40f9cda36be53fa7d0e9a9aac4cdb859a26448", size = 12869974 },
]

[[package]]
name = "google-auth"
version = "2.38.0"
source = { registry = "https://pypi.org/simple" }
dependencies = [
    { name = "cachetools" },
    { name = "pyasn1-modules" },
    { name = "rsa" },
]
sdist = { url = "https://files.pythonhosted.org/packages/c6/eb/d504ba1daf190af6b204a9d4714d457462b486043744901a6eeea711f913/google_auth-2.38.0.tar.gz", hash = "sha256:8285113607d3b80a3f1543b75962447ba8a09fe85783432a784fdeef6ac094c4", size = 270866 }
wheels = [
    { url = "https://files.pythonhosted.org/packages/9d/47/603554949a37bca5b7f894d51896a9c534b9eab808e2520a748e081669d0/google_auth-2.38.0-py2.py3-none-any.whl", hash = "sha256:e7dae6694313f434a2727bf2906f27ad259bae090d7aa896590d86feec3d9d4a", size = 210770 },
]

[[package]]
name = "google-auth-httplib2"
version = "0.2.0"
source = { registry = "https://pypi.org/simple" }
dependencies = [
    { name = "google-auth" },
    { name = "httplib2" },
]
sdist = { url = "https://files.pythonhosted.org/packages/56/be/217a598a818567b28e859ff087f347475c807a5649296fb5a817c58dacef/google-auth-httplib2-0.2.0.tar.gz", hash = "sha256:38aa7badf48f974f1eb9861794e9c0cb2a0511a4ec0679b1f886d108f5640e05", size = 10842 }
wheels = [
    { url = "https://files.pythonhosted.org/packages/be/8a/fe34d2f3f9470a27b01c9e76226965863f153d5fbe276f83608562e49c04/google_auth_httplib2-0.2.0-py2.py3-none-any.whl", hash = "sha256:b65a0a2123300dd71281a7bf6e64d65a0759287df52729bdd1ae2e47dc311a3d", size = 9253 },
]

[[package]]
name = "google-cloud-core"
version = "2.4.2"
source = { registry = "https://pypi.org/simple" }
dependencies = [
    { name = "google-api-core" },
    { name = "google-auth" },
]
sdist = { url = "https://files.pythonhosted.org/packages/8d/96/16cc0a34f75899ace6a42bb4ef242ac4aa263089b018d1c18c007d1fd8f2/google_cloud_core-2.4.2.tar.gz", hash = "sha256:a4fcb0e2fcfd4bfe963837fad6d10943754fd79c1a50097d68540b6eb3d67f35", size = 35854 }
wheels = [
    { url = "https://files.pythonhosted.org/packages/9c/0f/76e813cee7568ac467d929f4f0da7ab349596e7fc4ee837b990611e07d99/google_cloud_core-2.4.2-py2.py3-none-any.whl", hash = "sha256:7459c3e83de7cb8b9ecfec9babc910efb4314030c56dd798eaad12c426f7d180", size = 29343 },
]

[[package]]
name = "google-cloud-firestore"
version = "2.20.0"
source = { registry = "https://pypi.org/simple" }
dependencies = [
    { name = "google-api-core", extra = ["grpc"] },
    { name = "google-auth" },
    { name = "google-cloud-core" },
    { name = "proto-plus" },
    { name = "protobuf" },
]
sdist = { url = "https://files.pythonhosted.org/packages/ce/9b/7c2f746cd8ec3f08d02d5626d863c2486dd69eb0b1f77bdcd9b0fe15d478/google_cloud_firestore-2.20.0.tar.gz", hash = "sha256:ad863be58667233921e02f0b81aa94a816f5e63a707cb33c97b1aa357a50566d", size = 491103 }
wheels = [
    { url = "https://files.pythonhosted.org/packages/80/3f/52fd16f3de3ed4ac2e3b7c728fb3b29b081791cf6292b74e4301ad489737/google_cloud_firestore-2.20.0-py2.py3-none-any.whl", hash = "sha256:505ef6951b56ea91f6762d99b3429ca6def6dceb254b4ba1ffc85e69b71414d7", size = 337765 },
]

[[package]]
name = "google-cloud-storage"
version = "3.0.0"
source = { registry = "https://pypi.org/simple" }
dependencies = [
    { name = "google-api-core" },
    { name = "google-auth" },
    { name = "google-cloud-core" },
    { name = "google-crc32c" },
    { name = "google-resumable-media" },
    { name = "requests" },
]
sdist = { url = "https://files.pythonhosted.org/packages/7f/d7/dfa74049c4faa3b4d68fa1a10a7eab5a76c57d0788b47c27f927bedc606d/google_cloud_storage-3.0.0.tar.gz", hash = "sha256:2accb3e828e584888beff1165e5f3ac61aa9088965eb0165794a82d8c7f95297", size = 7665253 }
wheels = [
    { url = "https://files.pythonhosted.org/packages/9a/ae/1a50f07161301e40a30b2e40744a7b85ffab7add16e044417925eccf9bbf/google_cloud_storage-3.0.0-py2.py3-none-any.whl", hash = "sha256:f85fd059650d2dbb0ac158a9a6b304b66143b35ed2419afec2905ca522eb2c6a", size = 173860 },
]

[[package]]
name = "google-crc32c"
version = "1.6.0"
source = { registry = "https://pypi.org/simple" }
sdist = { url = "https://files.pythonhosted.org/packages/67/72/c3298da1a3773102359c5a78f20dae8925f5ea876e37354415f68594a6fb/google_crc32c-1.6.0.tar.gz", hash = "sha256:6eceb6ad197656a1ff49ebfbbfa870678c75be4344feb35ac1edf694309413dc", size = 14472 }

[[package]]
name = "google-resumable-media"
version = "2.7.2"
source = { registry = "https://pypi.org/simple" }
dependencies = [
    { name = "google-crc32c" },
]
sdist = { url = "https://files.pythonhosted.org/packages/58/5a/0efdc02665dca14e0837b62c8a1a93132c264bd02054a15abb2218afe0ae/google_resumable_media-2.7.2.tar.gz", hash = "sha256:5280aed4629f2b60b847b0d42f9857fd4935c11af266744df33d8074cae92fe0", size = 2163099 }
wheels = [
    { url = "https://files.pythonhosted.org/packages/82/35/b8d3baf8c46695858cb9d8835a53baa1eeb9906ddaf2f728a5f5b640fd1e/google_resumable_media-2.7.2-py2.py3-none-any.whl", hash = "sha256:3ce7551e9fe6d99e9a126101d2536612bb73486721951e9562fee0f90c6ababa", size = 81251 },
]

[[package]]
name = "googleapis-common-protos"
version = "1.68.0"
source = { registry = "https://pypi.org/simple" }
dependencies = [
    { name = "protobuf" },
]
sdist = { url = "https://files.pythonhosted.org/packages/54/d2/c08f0d9f94b45faca68e355771329cba2411c777c8713924dd1baee0e09c/googleapis_common_protos-1.68.0.tar.gz", hash = "sha256:95d38161f4f9af0d9423eed8fb7b64ffd2568c3464eb542ff02c5bfa1953ab3c", size = 57367 }
wheels = [
    { url = "https://files.pythonhosted.org/packages/3f/85/c99a157ee99d67cc6c9ad123abb8b1bfb476fab32d2f3511c59314548e4f/googleapis_common_protos-1.68.0-py2.py3-none-any.whl", hash = "sha256:aaf179b2f81df26dfadac95def3b16a95064c76a5f45f07e4c68a21bb371c4ac", size = 164985 },
]

[[package]]
name = "grpcio"
version = "1.70.0"
source = { registry = "https://pypi.org/simple" }
sdist = { url = "https://files.pythonhosted.org/packages/69/e1/4b21b5017c33f3600dcc32b802bb48fe44a4d36d6c066f52650c7c2690fa/grpcio-1.70.0.tar.gz", hash = "sha256:8d1584a68d5922330025881e63a6c1b54cc8117291d382e4fa69339b6d914c56", size = 12788932 }
wheels = [
    { url = "https://files.pythonhosted.org/packages/68/38/66d0f32f88feaf7d83f8559cd87d899c970f91b1b8a8819b58226de0a496/grpcio-1.70.0-cp313-cp313-linux_armv7l.whl", hash = "sha256:aa573896aeb7d7ce10b1fa425ba263e8dddd83d71530d1322fd3a16f31257b4a", size = 5199218 },
    { url = "https://files.pythonhosted.org/packages/c1/96/947df763a0b18efb5cc6c2ae348e56d97ca520dc5300c01617b234410173/grpcio-1.70.0-cp313-cp313-macosx_10_14_universal2.whl", hash = "sha256:d405b005018fd516c9ac529f4b4122342f60ec1cee181788249372524e6db429", size = 11445983 },
    { url = "https://files.pythonhosted.org/packages/fd/5b/f3d4b063e51b2454bedb828e41f3485800889a3609c49e60f2296cc8b8e5/grpcio-1.70.0-cp313-cp313-manylinux_2_17_aarch64.whl", hash = "sha256:f32090238b720eb585248654db8e3afc87b48d26ac423c8dde8334a232ff53c9", size = 5663954 },
    { url = "https://files.pythonhosted.org/packages/bd/0b/dab54365fcedf63e9f358c1431885478e77d6f190d65668936b12dd38057/grpcio-1.70.0-cp313-cp313-manylinux_2_17_i686.manylinux2014_i686.whl", hash = "sha256:dfa089a734f24ee5f6880c83d043e4f46bf812fcea5181dcb3a572db1e79e01c", size = 6304323 },
    { url = "https://files.pythonhosted.org/packages/76/a8/8f965a7171ddd336ce32946e22954aa1bbc6f23f095e15dadaa70604ba20/grpcio-1.70.0-cp313-cp313-manylinux_2_17_x86_64.manylinux2014_x86_64.whl", hash = "sha256:f19375f0300b96c0117aca118d400e76fede6db6e91f3c34b7b035822e06c35f", size = 5910939 },
    { url = "https://files.pythonhosted.org/packages/1b/05/0bbf68be8b17d1ed6f178435a3c0c12e665a1e6054470a64ce3cb7896596/grpcio-1.70.0-cp313-cp313-musllinux_1_1_i686.whl", hash = "sha256:7c73c42102e4a5ec76608d9b60227d917cea46dff4d11d372f64cbeb56d259d0", size = 6631405 },
    { url = "https://files.pythonhosted.org/packages/79/6a/5df64b6df405a1ed1482cb6c10044b06ec47fd28e87c2232dbcf435ecb33/grpcio-1.70.0-cp313-cp313-musllinux_1_1_x86_64.whl", hash = "sha256:0a5c78d5198a1f0aa60006cd6eb1c912b4a1520b6a3968e677dbcba215fabb40", size = 6190982 },
    { url = "https://files.pythonhosted.org/packages/42/aa/aeaac87737e6d25d1048c53b8ec408c056d3ed0c922e7c5efad65384250c/grpcio-1.70.0-cp313-cp313-win32.whl", hash = "sha256:fe9dbd916df3b60e865258a8c72ac98f3ac9e2a9542dcb72b7a34d236242a5ce", size = 3598359 },
    { url = "https://files.pythonhosted.org/packages/1f/79/8edd2442d2de1431b4a3de84ef91c37002f12de0f9b577fb07b452989dbc/grpcio-1.70.0-cp313-cp313-win_amd64.whl", hash = "sha256:4119fed8abb7ff6c32e3d2255301e59c316c22d31ab812b3fbcbaf3d0d87cc68", size = 4293938 },
]

[[package]]
name = "grpcio-status"
version = "1.70.0"
source = { registry = "https://pypi.org/simple" }
dependencies = [
    { name = "googleapis-common-protos" },
    { name = "grpcio" },
    { name = "protobuf" },
]
sdist = { url = "https://files.pythonhosted.org/packages/4c/d1/2397797c810020eac424e1aac10fbdc5edb6b9b4ad6617e0ed53ca907653/grpcio_status-1.70.0.tar.gz", hash = "sha256:0e7b42816512433b18b9d764285ff029bde059e9d41f8fe10a60631bd8348101", size = 13681 }
wheels = [
    { url = "https://files.pythonhosted.org/packages/e6/34/49e558040e069feebac70cdd1b605f38738c0277ac5d38e2ce3d03e1b1ec/grpcio_status-1.70.0-py3-none-any.whl", hash = "sha256:fc5a2ae2b9b1c1969cc49f3262676e6854aa2398ec69cb5bd6c47cd501904a85", size = 14429 },
]

[[package]]
name = "httplib2"
version = "0.22.0"
source = { registry = "https://pypi.org/simple" }
dependencies = [
    { name = "pyparsing" },
]
sdist = { url = "https://files.pythonhosted.org/packages/3d/ad/2371116b22d616c194aa25ec410c9c6c37f23599dcd590502b74db197584/httplib2-0.22.0.tar.gz", hash = "sha256:d7a10bc5ef5ab08322488bde8c726eeee5c8618723fdb399597ec58f3d82df81", size = 351116 }
wheels = [
    { url = "https://files.pythonhosted.org/packages/a8/6c/d2fbdaaa5959339d53ba38e94c123e4e84b8fbc4b84beb0e70d7c1608486/httplib2-0.22.0-py3-none-any.whl", hash = "sha256:14ae0a53c1ba8f3d37e9e27cf37eabb0fb9980f435ba405d546948b009dd64dc", size = 96854 },
]

[[package]]
name = "idna"
version = "3.10"
source = { registry = "https://pypi.org/simple" }
sdist = { url = "https://files.pythonhosted.org/packages/f1/70/7703c29685631f5a7590aa73f1f1d3fa9a380e654b86af429e0934a32f7d/idna-3.10.tar.gz", hash = "sha256:12f65c9b470abda6dc35cf8e63cc574b1c52b11df2c86030af0ac09b01b13ea9", size = 190490 }
wheels = [
    { url = "https://files.pythonhosted.org/packages/76/c6/c88e154df9c4e1a2a66ccf0005a88dfb2650c1dffb6f5ce603dfbd452ce3/idna-3.10-py3-none-any.whl", hash = "sha256:946d195a0d259cbba61165e88e65941f16e9b36ea6ddb97f00452bae8b1287d3", size = 70442 },
]

[[package]]
name = "msgpack"
version = "1.1.0"
source = { registry = "https://pypi.org/simple" }
sdist = { url = "https://files.pythonhosted.org/packages/cb/d0/7555686ae7ff5731205df1012ede15dd9d927f6227ea151e901c7406af4f/msgpack-1.1.0.tar.gz", hash = "sha256:dd432ccc2c72b914e4cb77afce64aab761c1137cc698be3984eee260bcb2896e", size = 167260 }
wheels = [
    { url = "https://files.pythonhosted.org/packages/c8/b0/380f5f639543a4ac413e969109978feb1f3c66e931068f91ab6ab0f8be00/msgpack-1.1.0-cp313-cp313-macosx_10_13_universal2.whl", hash = "sha256:071603e2f0771c45ad9bc65719291c568d4edf120b44eb36324dcb02a13bfddf", size = 151142 },
    { url = "https://files.pythonhosted.org/packages/c8/ee/be57e9702400a6cb2606883d55b05784fada898dfc7fd12608ab1fdb054e/msgpack-1.1.0-cp313-cp313-macosx_10_13_x86_64.whl", hash = "sha256:0f92a83b84e7c0749e3f12821949d79485971f087604178026085f60ce109330", size = 84523 },
    { url = "https://files.pythonhosted.org/packages/7e/3a/2919f63acca3c119565449681ad08a2f84b2171ddfcff1dba6959db2cceb/msgpack-1.1.0-cp313-cp313-macosx_11_0_arm64.whl", hash = "sha256:4a1964df7b81285d00a84da4e70cb1383f2e665e0f1f2a7027e683956d04b734", size = 81556 },
    { url = "https://files.pythonhosted.org/packages/7c/43/a11113d9e5c1498c145a8925768ea2d5fce7cbab15c99cda655aa09947ed/msgpack-1.1.0-cp313-cp313-manylinux_2_17_aarch64.manylinux2014_aarch64.whl", hash = "sha256:59caf6a4ed0d164055ccff8fe31eddc0ebc07cf7326a2aaa0dbf7a4001cd823e", size = 392105 },
    { url = "https://files.pythonhosted.org/packages/2d/7b/2c1d74ca6c94f70a1add74a8393a0138172207dc5de6fc6269483519d048/msgpack-1.1.0-cp313-cp313-manylinux_2_17_x86_64.manylinux2014_x86_64.whl", hash = "sha256:0907e1a7119b337971a689153665764adc34e89175f9a34793307d9def08e6ca", size = 399979 },
    { url = "https://files.pythonhosted.org/packages/82/8c/cf64ae518c7b8efc763ca1f1348a96f0e37150061e777a8ea5430b413a74/msgpack-1.1.0-cp313-cp313-manylinux_2_5_i686.manylinux1_i686.manylinux_2_17_i686.manylinux2014_i686.whl", hash = "sha256:65553c9b6da8166e819a6aa90ad15288599b340f91d18f60b2061f402b9a4915", size = 383816 },
    { url = "https://files.pythonhosted.org/packages/69/86/a847ef7a0f5ef3fa94ae20f52a4cacf596a4e4a010197fbcc27744eb9a83/msgpack-1.1.0-cp313-cp313-musllinux_1_2_aarch64.whl", hash = "sha256:7a946a8992941fea80ed4beae6bff74ffd7ee129a90b4dd5cf9c476a30e9708d", size = 380973 },
    { url = "https://files.pythonhosted.org/packages/aa/90/c74cf6e1126faa93185d3b830ee97246ecc4fe12cf9d2d31318ee4246994/msgpack-1.1.0-cp313-cp313-musllinux_1_2_i686.whl", hash = "sha256:4b51405e36e075193bc051315dbf29168d6141ae2500ba8cd80a522964e31434", size = 387435 },
    { url = "https://files.pythonhosted.org/packages/7a/40/631c238f1f338eb09f4acb0f34ab5862c4e9d7eda11c1b685471a4c5ea37/msgpack-1.1.0-cp313-cp313-musllinux_1_2_x86_64.whl", hash = "sha256:b4c01941fd2ff87c2a934ee6055bda4ed353a7846b8d4f341c428109e9fcde8c", size = 399082 },
    { url = "https://files.pythonhosted.org/packages/e9/1b/fa8a952be252a1555ed39f97c06778e3aeb9123aa4cccc0fd2acd0b4e315/msgpack-1.1.0-cp313-cp313-win32.whl", hash = "sha256:7c9a35ce2c2573bada929e0b7b3576de647b0defbd25f5139dcdaba0ae35a4cc", size = 69037 },
    { url = "https://files.pythonhosted.org/packages/b6/bc/8bd826dd03e022153bfa1766dcdec4976d6c818865ed54223d71f07862b3/msgpack-1.1.0-cp313-cp313-win_amd64.whl", hash = "sha256:bce7d9e614a04d0883af0b3d4d501171fbfca038f12c77fa838d9f198147a23f", size = 75140 },
]

[[package]]
name = "proto-plus"
version = "1.26.0"
source = { registry = "https://pypi.org/simple" }
dependencies = [
    { name = "protobuf" },
]
sdist = { url = "https://files.pythonhosted.org/packages/26/79/a5c6cbb42268cfd3ddc652dc526889044a8798c688a03ff58e5e92b743c8/proto_plus-1.26.0.tar.gz", hash = "sha256:6e93d5f5ca267b54300880fff156b6a3386b3fa3f43b1da62e680fc0c586ef22", size = 56136 }
wheels = [
    { url = "https://files.pythonhosted.org/packages/42/c3/59308ccc07b34980f9d532f7afc718a9f32b40e52cde7a740df8d55632fb/proto_plus-1.26.0-py3-none-any.whl", hash = "sha256:bf2dfaa3da281fc3187d12d224c707cb57214fb2c22ba854eb0c105a3fb2d4d7", size = 50166 },
]

[[package]]
name = "protobuf"
version = "5.29.3"
source = { registry = "https://pypi.org/simple" }
sdist = { url = "https://files.pythonhosted.org/packages/f7/d1/e0a911544ca9993e0f17ce6d3cc0932752356c1b0a834397f28e63479344/protobuf-5.29.3.tar.gz", hash = "sha256:5da0f41edaf117bde316404bad1a486cb4ededf8e4a54891296f648e8e076620", size = 424945 }
wheels = [
    { url = "https://files.pythonhosted.org/packages/dc/7a/1e38f3cafa022f477ca0f57a1f49962f21ad25850c3ca0acd3b9d0091518/protobuf-5.29.3-cp310-abi3-win32.whl", hash = "sha256:3ea51771449e1035f26069c4c7fd51fba990d07bc55ba80701c78f886bf9c888", size = 422708 },
    { url = "https://files.pythonhosted.org/packages/61/fa/aae8e10512b83de633f2646506a6d835b151edf4b30d18d73afd01447253/protobuf-5.29.3-cp310-abi3-win_amd64.whl", hash = "sha256:a4fa6f80816a9a0678429e84973f2f98cbc218cca434abe8db2ad0bffc98503a", size = 434508 },
    { url = "https://files.pythonhosted.org/packages/dd/04/3eaedc2ba17a088961d0e3bd396eac764450f431621b58a04ce898acd126/protobuf-5.29.3-cp38-abi3-macosx_10_9_universal2.whl", hash = "sha256:a8434404bbf139aa9e1300dbf989667a83d42ddda9153d8ab76e0d5dcaca484e", size = 417825 },
    { url = "https://files.pythonhosted.org/packages/4f/06/7c467744d23c3979ce250397e26d8ad8eeb2bea7b18ca12ad58313c1b8d5/protobuf-5.29.3-cp38-abi3-manylinux2014_aarch64.whl", hash = "sha256:daaf63f70f25e8689c072cfad4334ca0ac1d1e05a92fc15c54eb9cf23c3efd84", size = 319573 },
    { url = "https://files.pythonhosted.org/packages/a8/45/2ebbde52ad2be18d3675b6bee50e68cd73c9e0654de77d595540b5129df8/protobuf-5.29.3-cp38-abi3-manylinux2014_x86_64.whl", hash = "sha256:c027e08a08be10b67c06bf2370b99c811c466398c357e615ca88c91c07f0910f", size = 319672 },
    { url = "https://files.pythonhosted.org/packages/fd/b2/ab07b09e0f6d143dfb839693aa05765257bceaa13d03bf1a696b78323e7a/protobuf-5.29.3-py3-none-any.whl", hash = "sha256:0a18ed4a24198528f2333802eb075e59dea9d679ab7a6c5efb017a59004d849f", size = 172550 },
]

[[package]]
name = "pyasn1"
version = "0.6.1"
source = { registry = "https://pypi.org/simple" }
sdist = { url = "https://files.pythonhosted.org/packages/ba/e9/01f1a64245b89f039897cb0130016d79f77d52669aae6ee7b159a6c4c018/pyasn1-0.6.1.tar.gz", hash = "sha256:6f580d2bdd84365380830acf45550f2511469f673cb4a5ae3857a3170128b034", size = 145322 }
wheels = [
    { url = "https://files.pythonhosted.org/packages/c8/f1/d6a797abb14f6283c0ddff96bbdd46937f64122b8c925cab503dd37f8214/pyasn1-0.6.1-py3-none-any.whl", hash = "sha256:0d632f46f2ba09143da3a8afe9e33fb6f92fa2320ab7e886e2d0f7672af84629", size = 83135 },
]

[[package]]
name = "pyasn1-modules"
version = "0.4.1"
source = { registry = "https://pypi.org/simple" }
dependencies = [
    { name = "pyasn1" },
]
sdist = { url = "https://files.pythonhosted.org/packages/1d/67/6afbf0d507f73c32d21084a79946bfcfca5fbc62a72057e9c23797a737c9/pyasn1_modules-0.4.1.tar.gz", hash = "sha256:c28e2dbf9c06ad61c71a075c7e0f9fd0f1b0bb2d2ad4377f240d33ac2ab60a7c", size = 310028 }
wheels = [
    { url = "https://files.pythonhosted.org/packages/77/89/bc88a6711935ba795a679ea6ebee07e128050d6382eaa35a0a47c8032bdc/pyasn1_modules-0.4.1-py3-none-any.whl", hash = "sha256:49bfa96b45a292b711e986f222502c1c9a5e1f4e568fc30e2574a6c7d07838fd", size = 181537 },
]

[[package]]
name = "pycparser"
version = "2.22"
source = { registry = "https://pypi.org/simple" }
sdist = { url = "https://files.pythonhosted.org/packages/1d/b2/31537cf4b1ca988837256c910a668b553fceb8f069bedc4b1c826024b52c/pycparser-2.22.tar.gz", hash = "sha256:491c8be9c040f5390f5bf44a5b07752bd07f56edf992381b05c701439eec10f6", size = 172736 }
wheels = [
    { url = "https://files.pythonhosted.org/packages/13/a3/a812df4e2dd5696d1f351d58b8fe16a405b234ad2886a0dab9183fb78109/pycparser-2.22-py3-none-any.whl", hash = "sha256:c3702b6d3dd8c7abc1afa565d7e63d53a1d0bd86cdc24edd75470f4de499cfcc", size = 117552 },
]

[[package]]
name = "pyjwt"
version = "2.10.1"
source = { registry = "https://pypi.org/simple" }
sdist = { url = "https://files.pythonhosted.org/packages/e7/46/bd74733ff231675599650d3e47f361794b22ef3e3770998dda30d3b63726/pyjwt-2.10.1.tar.gz", hash = "sha256:3cc5772eb20009233caf06e9d8a0577824723b44e6648ee0a2aedb6cf9381953", size = 87785 }
wheels = [
    { url = "https://files.pythonhosted.org/packages/61/ad/689f02752eeec26aed679477e80e632ef1b682313be70793d798c1d5fc8f/PyJWT-2.10.1-py3-none-any.whl", hash = "sha256:dcdd193e30abefd5debf142f9adfcdd2b58004e644f25406ffaebd50bd98dacb", size = 22997 },
]

[package.optional-dependencies]
crypto = [
    { name = "cryptography" },
]

[[package]]
name = "pyparsing"
version = "3.2.1"
source = { registry = "https://pypi.org/simple" }
sdist = { url = "https://files.pythonhosted.org/packages/8b/1a/3544f4f299a47911c2ab3710f534e52fea62a633c96806995da5d25be4b2/pyparsing-3.2.1.tar.gz", hash = "sha256:61980854fd66de3a90028d679a954d5f2623e83144b5afe5ee86f43d762e5f0a", size = 1067694 }
wheels = [
    { url = "https://files.pythonhosted.org/packages/1c/a7/c8a2d361bf89c0d9577c934ebb7421b25dc84bf3a8e3ac0a40aed9acc547/pyparsing-3.2.1-py3-none-any.whl", hash = "sha256:506ff4f4386c4cec0590ec19e6302d3aedb992fdc02c761e90416f158dacf8e1", size = 107716 },
]

[[package]]
name = "requests"
version = "2.32.3"
source = { registry = "https://pypi.org/simple" }
dependencies = [
    { name = "certifi" },
    { name = "charset-normalizer" },
    { name = "idna" },
    { name = "urllib3" },
]
sdist = { url = "https://files.pythonhosted.org/packages/63/70/2bf7780ad2d390a8d301ad0b550f1581eadbd9a20f896afe06353c2a2913/requests-2.32.3.tar.gz", hash = "sha256:55365417734eb18255590a9ff9eb97e9e1da868d4ccd6402399eaf68af20a760", size = 131218 }
wheels = [
    { url = "https://files.pythonhosted.org/packages/f9/9b/335f9764261e915ed497fcdeb11df5dfd6f7bf257d4a6a2a686d80da4d54/requests-2.32.3-py3-none-any.whl", hash = "sha256:70761cfe03c773ceb22aa2f671b4757976145175cdfca038c02654d061d6dcc6", size = 64928 },
]

[[package]]
name = "rsa"
version = "4.9"
source = { registry = "https://pypi.org/simple" }
dependencies = [
    { name = "pyasn1" },
]
sdist = { url = "https://files.pythonhosted.org/packages/aa/65/7d973b89c4d2351d7fb232c2e452547ddfa243e93131e7cfa766da627b52/rsa-4.9.tar.gz", hash = "sha256:e38464a49c6c85d7f1351b0126661487a7e0a14a50f1675ec50eb34d4f20ef21", size = 29711 }
wheels = [
    { url = "https://files.pythonhosted.org/packages/49/97/fa78e3d2f65c02c8e1268b9aba606569fe97f6c8f7c2d74394553347c145/rsa-4.9-py3-none-any.whl", hash = "sha256:90260d9058e514786967344d0ef75fa8727eed8a7d2e43ce9f4bcf1b536174f7", size = 34315 },
]

[[package]]
name = "scripts"
version = "0.1.0"
source = { virtual = "." }
dependencies = [
    { name = "firebase-admin" },
]

[package.metadata]
requires-dist = [{ name = "firebase-admin", specifier = ">=6.6.0" }]

[[package]]
name = "uritemplate"
version = "4.1.1"
source = { registry = "https://pypi.org/simple" }
sdist = { url = "https://files.pythonhosted.org/packages/d2/5a/4742fdba39cd02a56226815abfa72fe0aa81c33bed16ed045647d6000eba/uritemplate-4.1.1.tar.gz", hash = "sha256:4346edfc5c3b79f694bccd6d6099a322bbeb628dbf2cd86eea55a456ce5124f0", size = 273898 }
wheels = [
    { url = "https://files.pythonhosted.org/packages/81/c0/7461b49cd25aeece13766f02ee576d1db528f1c37ce69aee300e075b485b/uritemplate-4.1.1-py2.py3-none-any.whl", hash = "sha256:830c08b8d99bdd312ea4ead05994a38e8936266f84b9a7878232db50b044e02e", size = 10356 },
]

[[package]]
name = "urllib3"
version = "2.3.0"
source = { registry = "https://pypi.org/simple" }
sdist = { url = "https://files.pythonhosted.org/packages/aa/63/e53da845320b757bf29ef6a9062f5c669fe997973f966045cb019c3f4b66/urllib3-2.3.0.tar.gz", hash = "sha256:f8c5449b3cf0861679ce7e0503c7b44b5ec981bec0d1d3795a07f1ba96f0204d", size = 307268 }
wheels = [
    { url = "https://files.pythonhosted.org/packages/c8/19/4ec628951a74043532ca2cf5d97b7b14863931476d117c471e8e2b1eb39f/urllib3-2.3.0-py3-none-any.whl", hash = "sha256:1cee9ad369867bfdbbb48b7dd50374c0967a0bb7710050facf0dd6911440e3df", size = 128369 },
]
